// !$*UTF8*$!
{
	archiveVersion = 1;
	classes = {
	};
	objectVersion = 46;
	objects = {

/* Begin PBXBuildFile section */
		5210E3381B791E290016A7F5 /* main.m in Sources */ = {isa = PBXBuildFile; fileRef = 5210E3371B791E290016A7F5 /* main.m */; };
		5210E33B1B791E290016A7F5 /* AppDelegate.m in Sources */ = {isa = PBXBuildFile; fileRef = 5210E33A1B791E290016A7F5 /* AppDelegate.m */; };
		5210E33E1B791E290016A7F5 /* RootViewController.m in Sources */ = {isa = PBXBuildFile; fileRef = 5210E33D1B791E290016A7F5 /* RootViewController.m */; };
		5210E3411B791E290016A7F5 /* DataViewController.m in Sources */ = {isa = PBXBuildFile; fileRef = 5210E3401B791E290016A7F5 /* DataViewController.m */; };
		5210E3441B791E290016A7F5 /* ModelController.m in Sources */ = {isa = PBXBuildFile; fileRef = 5210E3431B791E290016A7F5 /* ModelController.m */; };
		5210E3471B791E290016A7F5 /* Main.storyboard in Resources */ = {isa = PBXBuildFile; fileRef = 5210E3451B791E290016A7F5 /* Main.storyboard */; };
		5210E3491B791E290016A7F5 /* Images.xcassets in Resources */ = {isa = PBXBuildFile; fileRef = 5210E3481B791E290016A7F5 /* Images.xcassets */; };
		5210E34C1B791E290016A7F5 /* LaunchScreen.xib in Resources */ = {isa = PBXBuildFile; fileRef = 5210E34A1B791E290016A7F5 /* LaunchScreen.xib */; };
		5210E3581B791E290016A7F5 /* HelloWorldTests.m in Sources */ = {isa = PBXBuildFile; fileRef = 5210E3571B791E290016A7F5 /* HelloWorldTests.m */; };
/* End PBXBuildFile section */

/* Begin PBXContainerItemProxy section */
		5210E3521B791E290016A7F5 /* PBXContainerItemProxy */ = {
			isa = PBXContainerItemProxy;
			containerPortal = 5210E32A1B791E290016A7F5 /* Project object */;
			proxyType = 1;
			remoteGlobalIDString = 5210E3311B791E290016A7F5;
			remoteInfo = HelloWorld;
		};
/* End PBXContainerItemProxy section */

/* Begin PBXFileReference section */
		5210E3321B791E290016A7F5 /* HelloWorld.app */ = {isa = PBXFileReference; explicitFileType = wrapper.application; includeInIndex = 0; path = HelloWorld.app; sourceTree = BUILT_PRODUCTS_DIR; };
		5210E3361B791E290016A7F5 /* Info.plist */ = {isa = PBXFileReference; lastKnownFileType = text.plist.xml; path = Info.plist; sourceTree = "<group>"; };
		5210E3371B791E290016A7F5 /* main.m */ = {isa = PBXFileReference; lastKnownFileType = sourcecode.c.objc; path = main.m; sourceTree = "<group>"; };
		5210E3391B791E290016A7F5 /* AppDelegate.h */ = {isa = PBXFileReference; lastKnownFileType = sourcecode.c.h; path = AppDelegate.h; sourceTree = "<group>"; };
		5210E33A1B791E290016A7F5 /* AppDelegate.m */ = {isa = PBXFileReference; lastKnownFileType = sourcecode.c.objc; path = AppDelegate.m; sourceTree = "<group>"; };
		5210E33C1B791E290016A7F5 /* RootViewController.h */ = {isa = PBXFileReference; lastKnownFileType = sourcecode.c.h; path = RootViewController.h; sourceTree = "<group>"; };
		5210E33D1B791E290016A7F5 /* RootViewController.m */ = {isa = PBXFileReference; lastKnownFileType = sourcecode.c.objc; path = RootViewController.m; sourceTree = "<group>"; };
		5210E33F1B791E290016A7F5 /* DataViewController.h */ = {isa = PBXFileReference; lastKnownFileType = sourcecode.c.h; path = DataViewController.h; sourceTree = "<group>"; };
		5210E3401B791E290016A7F5 /* DataViewController.m */ = {isa = PBXFileReference; lastKnownFileType = sourcecode.c.objc; path = DataViewController.m; sourceTree = "<group>"; };
		5210E3421B791E290016A7F5 /* ModelController.h */ = {isa = PBXFileReference; lastKnownFileType = sourcecode.c.h; path = ModelController.h; sourceTree = "<group>"; };
		5210E3431B791E290016A7F5 /* ModelController.m */ = {isa = PBXFileReference; lastKnownFileType = sourcecode.c.objc; path = ModelController.m; sourceTree = "<group>"; };
		5210E3461B791E290016A7F5 /* Base */ = {isa = PBXFileReference; lastKnownFileType = file.storyboard; name = Base; path = Base.lproj/Main.storyboard; sourceTree = "<group>"; };
		5210E3481B791E290016A7F5 /* Images.xcassets */ = {isa = PBXFileReference; lastKnownFileType = folder.assetcatalog; path = Images.xcassets; sourceTree = "<group>"; };
		5210E34B1B791E290016A7F5 /* Base */ = {isa = PBXFileReference; lastKnownFileType = file.xib; name = Base; path = Base.lproj/LaunchScreen.xib; sourceTree = "<group>"; };
		5210E3511B791E290016A7F5 /* HelloWorldTests.xctest */ = {isa = PBXFileReference; explicitFileType = wrapper.cfbundle; includeInIndex = 0; path = HelloWorldTests.xctest; sourceTree = BUILT_PRODUCTS_DIR; };
		5210E3561B791E290016A7F5 /* Info.plist */ = {isa = PBXFileReference; lastKnownFileType = text.plist.xml; path = Info.plist; sourceTree = "<group>"; };
		5210E3571B791E290016A7F5 /* HelloWorldTests.m */ = {isa = PBXFileReference; lastKnownFileType = sourcecode.c.objc; path = HelloWorldTests.m; sourceTree = "<group>"; };
/* End PBXFileReference section */

/* Begin PBXFrameworksBuildPhase section */
		5210E32F1B791E290016A7F5 /* Frameworks */ = {
			isa = PBXFrameworksBuildPhase;
			buildActionMask = 2147483647;
			files = (
			);
			runOnlyForDeploymentPostprocessing = 0;
		};
		5210E34E1B791E290016A7F5 /* Frameworks */ = {
			isa = PBXFrameworksBuildPhase;
			buildActionMask = 2147483647;
			files = (
			);
			runOnlyForDeploymentPostprocessing = 0;
		};
/* End PBXFrameworksBuildPhase section */

/* Begin PBXGroup section */
		5210E3291B791E290016A7F5 = {
			isa = PBXGroup;
			children = (
				5210E3341B791E290016A7F5 /* HelloWorld */,
				5210E3541B791E290016A7F5 /* HelloWorldTests */,
				5210E3331B791E290016A7F5 /* Products */,
			);
			sourceTree = "<group>";
		};
		5210E3331B791E290016A7F5 /* Products */ = {
			isa = PBXGroup;
			children = (
				5210E3321B791E290016A7F5 /* HelloWorld.app */,
				5210E3511B791E290016A7F5 /* HelloWorldTests.xctest */,
			);
			name = Products;
			sourceTree = "<group>";
		};
		5210E3341B791E290016A7F5 /* HelloWorld */ = {
			isa = PBXGroup;
			children = (
				5210E3391B791E290016A7F5 /* AppDelegate.h */,
				5210E33A1B791E290016A7F5 /* AppDelegate.m */,
				5210E33C1B791E290016A7F5 /* RootViewController.h */,
				5210E33D1B791E290016A7F5 /* RootViewController.m */,
				5210E33F1B791E290016A7F5 /* DataViewController.h */,
				5210E3401B791E290016A7F5 /* DataViewController.m */,
				5210E3421B791E290016A7F5 /* ModelController.h */,
				5210E3431B791E290016A7F5 /* ModelController.m */,
				5210E3451B791E290016A7F5 /* Main.storyboard */,
				5210E3481B791E290016A7F5 /* Images.xcassets */,
				5210E34A1B791E290016A7F5 /* LaunchScreen.xib */,
				5210E3351B791E290016A7F5 /* Supporting Files */,
			);
			path = HelloWorld;
			sourceTree = "<group>";
		};
		5210E3351B791E290016A7F5 /* Supporting Files */ = {
			isa = PBXGroup;
			children = (
				5210E3361B791E290016A7F5 /* Info.plist */,
				5210E3371B791E290016A7F5 /* main.m */,
			);
			name = "Supporting Files";
			sourceTree = "<group>";
		};
		5210E3541B791E290016A7F5 /* HelloWorldTests */ = {
			isa = PBXGroup;
			children = (
				5210E3571B791E290016A7F5 /* HelloWorldTests.m */,
				5210E3551B791E290016A7F5 /* Supporting Files */,
			);
			path = HelloWorldTests;
			sourceTree = "<group>";
		};
		5210E3551B791E290016A7F5 /* Supporting Files */ = {
			isa = PBXGroup;
			children = (
				5210E3561B791E290016A7F5 /* Info.plist */,
			);
			name = "Supporting Files";
			sourceTree = "<group>";
		};
/* End PBXGroup section */

/* Begin PBXNativeTarget section */
		5210E3311B791E290016A7F5 /* HelloWorld */ = {
			isa = PBXNativeTarget;
			buildConfigurationList = 5210E35B1B791E290016A7F5 /* Build configuration list for PBXNativeTarget "HelloWorld" */;
			buildPhases = (
				5210E32E1B791E290016A7F5 /* Sources */,
				5210E32F1B791E290016A7F5 /* Frameworks */,
				5210E3301B791E290016A7F5 /* Resources */,
			);
			buildRules = (
			);
			dependencies = (
			);
			name = HelloWorld;
			productName = HelloWorld;
			productReference = 5210E3321B791E290016A7F5 /* HelloWorld.app */;
			productType = "com.apple.product-type.application";
		};
		5210E3501B791E290016A7F5 /* HelloWorldTests */ = {
			isa = PBXNativeTarget;
			buildConfigurationList = 5210E35E1B791E290016A7F5 /* Build configuration list for PBXNativeTarget "HelloWorldTests" */;
			buildPhases = (
				5210E34D1B791E290016A7F5 /* Sources */,
				5210E34E1B791E290016A7F5 /* Frameworks */,
				5210E34F1B791E290016A7F5 /* Resources */,
			);
			buildRules = (
			);
			dependencies = (
				5210E3531B791E290016A7F5 /* PBXTargetDependency */,
			);
			name = HelloWorldTests;
			productName = HelloWorldTests;
			productReference = 5210E3511B791E290016A7F5 /* HelloWorldTests.xctest */;
			productType = "com.apple.product-type.bundle.unit-test";
		};
/* End PBXNativeTarget section */

/* Begin PBXProject section */
		5210E32A1B791E290016A7F5 /* Project object */ = {
			isa = PBXProject;
			attributes = {
				LastUpgradeCheck = 0640;
				ORGANIZATIONNAME = "John Zhang";
				TargetAttributes = {
					5210E3311B791E290016A7F5 = {
						CreatedOnToolsVersion = 6.4;
					};
					5210E3501B791E290016A7F5 = {
						CreatedOnToolsVersion = 6.4;
						TestTargetID = 5210E3311B791E290016A7F5;
					};
				};
			};
			buildConfigurationList = 5210E32D1B791E290016A7F5 /* Build configuration list for PBXProject "HelloWorld" */;
			compatibilityVersion = "Xcode 3.2";
			developmentRegion = English;
			hasScannedForEncodings = 0;
			knownRegions = (
				en,
				Base,
			);
			mainGroup = 5210E3291B791E290016A7F5;
			productRefGroup = 5210E3331B791E290016A7F5 /* Products */;
			projectDirPath = "";
			projectRoot = "";
			targets = (
				5210E3311B791E290016A7F5 /* HelloWorld */,
				5210E3501B791E290016A7F5 /* HelloWorldTests */,
			);
		};
/* End PBXProject section */

/* Begin PBXResourcesBuildPhase section */
		5210E3301B791E290016A7F5 /* Resources */ = {
			isa = PBXResourcesBuildPhase;
			buildActionMask = 2147483647;
			files = (
				5210E3471B791E290016A7F5 /* Main.storyboard in Resources */,
				5210E34C1B791E290016A7F5 /* LaunchScreen.xib in Resources */,
				5210E3491B791E290016A7F5 /* Images.xcassets in Resources */,
			);
			runOnlyForDeploymentPostprocessing = 0;
		};
		5210E34F1B791E290016A7F5 /* Resources */ = {
			isa = PBXResourcesBuildPhase;
			buildActionMask = 2147483647;
			files = (
			);
			runOnlyForDeploymentPostprocessing = 0;
		};
/* End PBXResourcesBuildPhase section */

/* Begin PBXSourcesBuildPhase section */
		5210E32E1B791E290016A7F5 /* Sources */ = {
			isa = PBXSourcesBuildPhase;
			buildActionMask = 2147483647;
			files = (
				5210E3411B791E290016A7F5 /* DataViewController.m in Sources */,
				5210E33B1B791E290016A7F5 /* AppDelegate.m in Sources */,
				5210E3441B791E290016A7F5 /* ModelController.m in Sources */,
				5210E3381B791E290016A7F5 /* main.m in Sources */,
				5210E33E1B791E290016A7F5 /* RootViewController.m in Sources */,
			);
			runOnlyForDeploymentPostprocessing = 0;
		};
		5210E34D1B791E290016A7F5 /* Sources */ = {
			isa = PBXSourcesBuildPhase;
			buildActionMask = 2147483647;
			files = (
				5210E3581B791E290016A7F5 /* HelloWorldTests.m in Sources */,
			);
			runOnlyForDeploymentPostprocessing = 0;
		};
/* End PBXSourcesBuildPhase section */

/* Begin PBXTargetDependency section */
		5210E3531B791E290016A7F5 /* PBXTargetDependency */ = {
			isa = PBXTargetDependency;
			target = 5210E3311B791E290016A7F5 /* HelloWorld */;
			targetProxy = 5210E3521B791E290016A7F5 /* PBXContainerItemProxy */;
		};
/* End PBXTargetDependency section */

/* Begin PBXVariantGroup section */
		5210E3451B791E290016A7F5 /* Main.storyboard */ = {
			isa = PBXVariantGroup;
			children = (
				5210E3461B791E290016A7F5 /* Base */,
			);
			name = Main.storyboard;
			sourceTree = "<group>";
		};
		5210E34A1B791E290016A7F5 /* LaunchScreen.xib */ = {
			isa = PBXVariantGroup;
			children = (
				5210E34B1B791E290016A7F5 /* Base */,
			);
			name = LaunchScreen.xib;
			sourceTree = "<group>";
		};
/* End PBXVariantGroup section */

/* Begin XCBuildConfiguration section */
		5210E3591B791E290016A7F5 /* Debug */ = {
			isa = XCBuildConfiguration;
			buildSettings = {
				ALWAYS_SEARCH_USER_PATHS = NO;
				CLANG_CXX_LANGUAGE_STANDARD = "gnu++0x";
				CLANG_CXX_LIBRARY = "libc++";
				CLANG_ENABLE_MODULES = YES;
				CLANG_ENABLE_OBJC_ARC = YES;
				CLANG_WARN_BOOL_CONVERSION = YES;
				CLANG_WARN_CONSTANT_CONVERSION = YES;
				CLANG_WARN_DIRECT_OBJC_ISA_USAGE = YES_ERROR;
				CLANG_WARN_EMPTY_BODY = YES;
				CLANG_WARN_ENUM_CONVERSION = YES;
				CLANG_WARN_INT_CONVERSION = YES;
				CLANG_WARN_OBJC_ROOT_CLASS = YES_ERROR;
				CLANG_WARN_UNREACHABLE_CODE = YES;
				CLANG_WARN__DUPLICATE_METHOD_MATCH = YES;
				"CODE_SIGN_IDENTITY[sdk=iphoneos*]" = "iPhone Developer";
				COPY_PHASE_STRIP = NO;
				DEBUG_INFORMATION_FORMAT = "dwarf-with-dsym";
				ENABLE_STRICT_OBJC_MSGSEND = YES;
				GCC_C_LANGUAGE_STANDARD = gnu99;
				GCC_DYNAMIC_NO_PIC = NO;
				GCC_NO_COMMON_BLOCKS = YES;
				GCC_OPTIMIZATION_LEVEL = 0;
				GCC_PREPROCESSOR_DEFINITIONS = (
					"DEBUG=1",
					"$(inherited)",
				);
				GCC_SYMBOLS_PRIVATE_EXTERN = NO;
				GCC_WARN_64_TO_32_BIT_CONVERSION = YES;
				GCC_WARN_ABOUT_RETURN_TYPE = YES_ERROR;
				GCC_WARN_UNDECLARED_SELECTOR = YES;
				GCC_WARN_UNINITIALIZED_AUTOS = YES_AGGRESSIVE;
				GCC_WARN_UNUSED_FUNCTION = YES;
				GCC_WARN_UNUSED_VARIABLE = YES;
				IPHONEOS_DEPLOYMENT_TARGET = 8.4;
				MTL_ENABLE_DEBUG_INFO = YES;
				ONLY_ACTIVE_ARCH = YES;
				SDKROOT = iphoneos;
				TARGETED_DEVICE_FAMILY = "1,2";
			};
			name = Debug;
		};
		5210E35A1B791E290016A7F5 /* Release */ = {
			isa = XCBuildConfiguration;
			buildSettings = {
				ALWAYS_SEARCH_USER_PATHS = NO;
				CLANG_CXX_LANGUAGE_STANDARD = "gnu++0x";
				CLANG_CXX_LIBRARY = "libc++";
				CLANG_ENABLE_MODULES = YES;
				CLANG_ENABLE_OBJC_ARC = YES;
				CLANG_WARN_BOOL_CONVERSION = YES;
				CLANG_WARN_CONSTANT_CONVERSION = YES;
				CLANG_WARN_DIRECT_OBJC_ISA_USAGE = YES_ERROR;
				CLANG_WARN_EMPTY_BODY = YES;
				CLANG_WARN_ENUM_CONVERSION = YES;
				CLANG_WARN_INT_CONVERSION = YES;
				CLANG_WARN_OBJC_ROOT_CLASS = YES_ERROR;
				CLANG_WARN_UNREACHABLE_CODE = YES;
				CLANG_WARN__DUPLICATE_METHOD_MATCH = YES;
				"CODE_SIGN_IDENTITY[sdk=iphoneos*]" = "iPhone Developer";
				COPY_PHASE_STRIP = NO;
				DEBUG_INFORMATION_FORMAT = "dwarf-with-dsym";
				ENABLE_NS_ASSERTIONS = NO;
				ENABLE_STRICT_OBJC_MSGSEND = YES;
				GCC_C_LANGUAGE_STANDARD = gnu99;
				GCC_NO_COMMON_BLOCKS = YES;
				GCC_WARN_64_TO_32_BIT_CONVERSION = YES;
				GCC_WARN_ABOUT_RETURN_TYPE = YES_ERROR;
				GCC_WARN_UNDECLARED_SELECTOR = YES;
				GCC_WARN_UNINITIALIZED_AUTOS = YES_AGGRESSIVE;
				GCC_WARN_UNUSED_FUNCTION = YES;
				GCC_WARN_UNUSED_VARIABLE = YES;
				IPHONEOS_DEPLOYMENT_TARGET = 8.4;
				MTL_ENABLE_DEBUG_INFO = NO;
				SDKROOT = iphoneos;
				TARGETED_DEVICE_FAMILY = "1,2";
				VALIDATE_PRODUCT = YES;
			};
			name = Release;
		};
		5210E35C1B791E290016A7F5 /* Debug */ = {
			isa = XCBuildConfiguration;
			buildSettings = {
				ASSETCATALOG_COMPILER_APPICON_NAME = AppIcon;
				INFOPLIST_FILE = HelloWorld/Info.plist;
				LD_RUNPATH_SEARCH_PATHS = "$(inherited) @executable_path/Frameworks";
				PRODUCT_NAME = "$(TARGET_NAME)";
			};
			name = Debug;
		};
		5210E35D1B791E290016A7F5 /* Release */ = {
			isa = XCBuildConfiguration;
			buildSettings = {
				ASSETCATALOG_COMPILER_APPICON_NAME = AppIcon;
				INFOPLIST_FILE = HelloWorld/Info.plist;
				LD_RUNPATH_SEARCH_PATHS = "$(inherited) @executable_path/Frameworks";
				PRODUCT_NAME = "$(TARGET_NAME)";
			};
			name = Release;
		};
		5210E35F1B791E290016A7F5 /* Debug */ = {
			isa = XCBuildConfiguration;
			buildSettings = {
				BUNDLE_LOADER = "$(TEST_HOST)";
				FRAMEWORK_SEARCH_PATHS = (
					"$(SDKROOT)/Developer/Library/Frameworks",
					"$(inherited)",
				);
				GCC_PREPROCESSOR_DEFINITIONS = (
					"DEBUG=1",
					"$(inherited)",
				);
				INFOPLIST_FILE = HelloWorldTests/Info.plist;
				LD_RUNPATH_SEARCH_PATHS = "$(inherited) @executable_path/Frameworks @loader_path/Frameworks";
				PRODUCT_NAME = "$(TARGET_NAME)";
				TEST_HOST = "$(BUILT_PRODUCTS_DIR)/HelloWorld.app/HelloWorld";
			};
			name = Debug;
		};
		5210E3601B791E290016A7F5 /* Release */ = {
			isa = XCBuildConfiguration;
			buildSettings = {
				BUNDLE_LOADER = "$(TEST_HOST)";
				FRAMEWORK_SEARCH_PATHS = (
					"$(SDKROOT)/Developer/Library/Frameworks",
					"$(inherited)",
				);
				INFOPLIST_FILE = HelloWorldTests/Info.plist;
				LD_RUNPATH_SEARCH_PATHS = "$(inherited) @executable_path/Frameworks @loader_path/Frameworks";
				PRODUCT_NAME = "$(TARGET_NAME)";
				TEST_HOST = "$(BUILT_PRODUCTS_DIR)/HelloWorld.app/HelloWorld";
			};
			name = Release;
		};
/* End XCBuildConfiguration section */

/* Begin XCConfigurationList section */
		5210E32D1B791E290016A7F5 /* Build configuration list for PBXProject "HelloWorld" */ = {
			isa = XCConfigurationList;
			buildConfigurations = (
				5210E3591B791E290016A7F5 /* Debug */,
				5210E35A1B791E290016A7F5 /* Release */,
			);
			defaultConfigurationIsVisible = 0;
			defaultConfigurationName = Release;
		};
		5210E35B1B791E290016A7F5 /* Build configuration list for PBXNativeTarget "HelloWorld" */ = {
			isa = XCConfigurationList;
			buildConfigurations = (
				5210E35C1B791E290016A7F5 /* Debug */,
				5210E35D1B791E290016A7F5 /* Release */,
			);
			defaultConfigurationIsVisible = 0;
		};
		5210E35E1B791E290016A7F5 /* Build configuration list for PBXNativeTarget "HelloWorldTests" */ = {
			isa = XCConfigurationList;
			buildConfigurations = (
				5210E35F1B791E290016A7F5 /* Debug */,
				5210E3601B791E290016A7F5 /* Release */,
			);
			defaultConfigurationIsVisible = 0;
		};
/* End XCConfigurationList section */
	};
	rootObject = 5210E32A1B791E290016A7F5 /* Project object */;
}
